
Microsoft Visual Studio Solution File, Format Version 12.00
# Visual Studio Version 17
VisualStudioVersion = 17.2.32519.379
MinimumVisualStudioVersion = 10.0.40219.1
Project("{FAE04EC0-301F-11D3-BF4B-00C04F79EFBC}") = "Hospital", "Hospital\Hospital.csproj", "{E14E1E2E-6389-4206-BB98-12AC349C1435}"
EndProject
Project("{FAE04EC0-301F-11D3-BF4B-00C04F79EFBC}") = "Infrastructure", "Infrastructure\Infrastructure.csproj", "{49D5E711-CE70-4447-BD8C-FB8D01D7FED5}"
EndProject
Global
	GlobalSection(SolutionConfigurationPlatforms) = preSolution
		Debug|Any CPU = Debug|Any CPU
		Release|Any CPU = Release|Any CPU
	EndGlobalSection
	GlobalSection(ProjectConfigurationPlatforms) = postSolution
		{E14E1E2E-6389-4206-BB98-12AC349C1435}.Debug|Any CPU.ActiveCfg = Debug|Any CPU
		{E14E1E2E-6389-4206-BB98-12AC349C1435}.Debug|Any CPU.Build.0 = Debug|Any CPU
		{E14E1E2E-6389-4206-BB98-12AC349C1435}.Release|Any CPU.ActiveCfg = Release|Any CPU
		{E14E1E2E-6389-4206-BB98-12AC349C1435}.Release|Any CPU.Build.0 = Release|Any CPU
		{49D5E711-CE70-4447-BD8C-FB8D01D7FED5}.Debug|Any CPU.ActiveCfg = Debug|Any CPU
		{49D5E711-CE70-4447-BD8C-FB8D01D7FED5}.Debug|Any CPU.Build.0 = Debug|Any CPU
		{49D5E711-CE70-4447-BD8C-FB8D01D7FED5}.Release|Any CPU.ActiveCfg = Release|Any CPU
		{49D5E711-CE70-4447-BD8C-FB8D01D7FED5}.Release|Any CPU.Build.0 = Release|Any CPU
	EndGlobalSection
	GlobalSection(SolutionProperties) = preSolution
		HideSolutionNode = FALSE
	EndGlobalSection
	GlobalSection(ExtensibilityGlobals) = postSolution
		SolutionGuid = {FBE4528A-117D-4744-B5E7-AEE8AEEDF7AF}
	EndGlobalSection
EndGlobal
