
Microsoft Visual Studio Solution File, Format Version 12.00
# Visual Studio Version 17
VisualStudioVersion = 17.3.32901.215
MinimumVisualStudioVersion = 10.0.40219.1
Project("{FAE04EC0-301F-11D3-BF4B-00C04F79EFBC}") = "MiniORM", "MiniORM\MiniORM.csproj", "{33ED079C-EC27-4841-BABD-2A0B80865C73}"
EndProject
Global
	GlobalSection(SolutionConfigurationPlatforms) = preSolution
		Debug|Any CPU = Debug|Any CPU
		Release|Any CPU = Release|Any CPU
	EndGlobalSection
	GlobalSection(ProjectConfigurationPlatforms) = postSolution
		{33ED079C-EC27-4841-BABD-2A0B80865C73}.Debug|Any CPU.ActiveCfg = Debug|Any CPU
		{33ED079C-EC27-4841-BABD-2A0B80865C73}.Debug|Any CPU.Build.0 = Debug|Any CPU
		{33ED079C-EC27-4841-BABD-2A0B80865C73}.Release|Any CPU.ActiveCfg = Release|Any CPU
		{33ED079C-EC27-4841-BABD-2A0B80865C73}.Release|Any CPU.Build.0 = Release|Any CPU
	EndGlobalSection
	GlobalSection(SolutionProperties) = preSolution
		HideSolutionNode = FALSE
	EndGlobalSection
	GlobalSection(ExtensibilityGlobals) = postSolution
		SolutionGuid = {5F4B6638-18FB-43B1-86DA-3E1E304A3FE3}
	EndGlobalSection
EndGlobal
