
Microsoft Visual Studio Solution File, Format Version 12.00
# Visual Studio Version 17
VisualStudioVersion = 17.3.32929.385
MinimumVisualStudioVersion = 10.0.40219.1
Project("{9A19103F-16F7-4668-BE54-9A1E7A4F7556}") = "1-Task_4A", "ConsoleApp1\1-Task_4A.csproj", "{AAF203FD-8975-409D-A5A0-1DC4B888A2D3}"
EndProject
Project("{9A19103F-16F7-4668-BE54-9A1E7A4F7556}") = "2-Task_61A", "ConsoleApp3\2-Task_61A.csproj", "{300F66D3-C58F-4F22-A62C-ED5903B3A304}"
EndProject
Project("{9A19103F-16F7-4668-BE54-9A1E7A4F7556}") = "3-Task_705A", "ConsoleApp4\3-Task_705A.csproj", "{4240BC1B-9C77-4CE1-91C4-3660716C9F9B}"
EndProject
Project("{9A19103F-16F7-4668-BE54-9A1E7A4F7556}") = "4-Task_486A", "ConsoleApp5\4-Task_486A.csproj", "{0A3EBE0D-B913-46C5-8195-78F2D4AB5876}"
EndProject
Project("{FAE04EC0-301F-11D3-BF4B-00C04F79EFBC}") = "5-Task_1030", "ConsoleApp6\5-Task_1030.csproj", "{9EBECDEB-B28B-4DD6-9A5E-473A2E867F70}"
EndProject
Global
	GlobalSection(SolutionConfigurationPlatforms) = preSolution
		Debug|Any CPU = Debug|Any CPU
		Release|Any CPU = Release|Any CPU
	EndGlobalSection
	GlobalSection(ProjectConfigurationPlatforms) = postSolution
		{AAF203FD-8975-409D-A5A0-1DC4B888A2D3}.Debug|Any CPU.ActiveCfg = Debug|Any CPU
		{AAF203FD-8975-409D-A5A0-1DC4B888A2D3}.Debug|Any CPU.Build.0 = Debug|Any CPU
		{AAF203FD-8975-409D-A5A0-1DC4B888A2D3}.Release|Any CPU.ActiveCfg = Release|Any CPU
		{AAF203FD-8975-409D-A5A0-1DC4B888A2D3}.Release|Any CPU.Build.0 = Release|Any CPU
		{300F66D3-C58F-4F22-A62C-ED5903B3A304}.Debug|Any CPU.ActiveCfg = Debug|Any CPU
		{300F66D3-C58F-4F22-A62C-ED5903B3A304}.Debug|Any CPU.Build.0 = Debug|Any CPU
		{300F66D3-C58F-4F22-A62C-ED5903B3A304}.Release|Any CPU.ActiveCfg = Release|Any CPU
		{300F66D3-C58F-4F22-A62C-ED5903B3A304}.Release|Any CPU.Build.0 = Release|Any CPU
		{4240BC1B-9C77-4CE1-91C4-3660716C9F9B}.Debug|Any CPU.ActiveCfg = Debug|Any CPU
		{4240BC1B-9C77-4CE1-91C4-3660716C9F9B}.Debug|Any CPU.Build.0 = Debug|Any CPU
		{4240BC1B-9C77-4CE1-91C4-3660716C9F9B}.Release|Any CPU.ActiveCfg = Release|Any CPU
		{4240BC1B-9C77-4CE1-91C4-3660716C9F9B}.Release|Any CPU.Build.0 = Release|Any CPU
		{0A3EBE0D-B913-46C5-8195-78F2D4AB5876}.Debug|Any CPU.ActiveCfg = Debug|Any CPU
		{0A3EBE0D-B913-46C5-8195-78F2D4AB5876}.Debug|Any CPU.Build.0 = Debug|Any CPU
		{0A3EBE0D-B913-46C5-8195-78F2D4AB5876}.Release|Any CPU.ActiveCfg = Release|Any CPU
		{0A3EBE0D-B913-46C5-8195-78F2D4AB5876}.Release|Any CPU.Build.0 = Release|Any CPU
		{9EBECDEB-B28B-4DD6-9A5E-473A2E867F70}.Debug|Any CPU.ActiveCfg = Debug|Any CPU
		{9EBECDEB-B28B-4DD6-9A5E-473A2E867F70}.Debug|Any CPU.Build.0 = Debug|Any CPU
		{9EBECDEB-B28B-4DD6-9A5E-473A2E867F70}.Release|Any CPU.ActiveCfg = Release|Any CPU
		{9EBECDEB-B28B-4DD6-9A5E-473A2E867F70}.Release|Any CPU.Build.0 = Release|Any CPU
	EndGlobalSection
	GlobalSection(SolutionProperties) = preSolution
		HideSolutionNode = FALSE
	EndGlobalSection
	GlobalSection(ExtensibilityGlobals) = postSolution
		SolutionGuid = {29C4EA59-9204-4C5B-AE8F-CE6A71B4A520}
	EndGlobalSection
EndGlobal
