
Microsoft Visual Studio Solution File, Format Version 12.00
# Visual Studio Version 17
VisualStudioVersion = 17.3.32929.385
MinimumVisualStudioVersion = 10.0.40219.1
Project("{9A19103F-16F7-4668-BE54-9A1E7A4F7556}") = "1-Task_4A", "ConsoleApp1\1-Task_4A.csproj", "{AAF203FD-8975-409D-A5A0-1DC4B888A2D3}"
EndProject
Project("{9A19103F-16F7-4668-BE54-9A1E7A4F7556}") = "2-Task_61A", "ConsoleApp3\2-Task_61A.csproj", "{300F66D3-C58F-4F22-A62C-ED5903B3A304}"
EndProject
Project("{9A19103F-16F7-4668-BE54-9A1E7A4F7556}") = "3-Task_705A", "ConsoleApp4\3-Task_705A.csproj", "{4240BC1B-9C77-4CE1-91C4-3660716C9F9B}"
EndProject
Project("{9A19103F-16F7-4668-BE54-9A1E7A4F7556}") = "4-Task_486A", "ConsoleApp5\4-Task_486A.csproj", "{0A3EBE0D-B913-46C5-8195-78F2D4AB5876}"
EndProject
Project("{9A19103F-16F7-4668-BE54-9A1E7A4F7556}") = "5-Task_1030", "ConsoleApp6\5-Task_1030.csproj", "{9EBECDEB-B28B-4DD6-9A5E-473A2E867F70}"
EndProject
Project("{9A19103F-16F7-4668-BE54-9A1E7A4F7556}") = "6-Task_136A", "ConsoleApp7\6-Task_136A.csproj", "{3910CB23-DB4F-49E7-8866-D3D6E3DFB22B}"
EndProject
Project("{9A19103F-16F7-4668-BE54-9A1E7A4F7556}") = "7-Task_271a", "ConsoleApp8\7-Task_271a.csproj", "{97F56627-6983-48AF-AA0B-2DB84E0908D8}"
EndProject
Project("{9A19103F-16F7-4668-BE54-9A1E7A4F7556}") = "8-Task_734a", "ConsoleApp9\8-Task_734a.csproj", "{DE2910CB-CFDB-4FD0-A169-3F35987500BD}"
EndProject
Project("{9A19103F-16F7-4668-BE54-9A1E7A4F7556}") = "9-Task_158a", "ConsoleApp10\9-Task_158a.csproj", "{000B7B52-B5BE-4465-A79F-081FCC990BA2}"
EndProject
Project("{9A19103F-16F7-4668-BE54-9A1E7A4F7556}") = "10-Task_50A", "ConsoleApp11\10-Task_50A.csproj", "{237EE0F1-531D-41BE-BBD7-A46951ADB563}"
EndProject
Project("{9A19103F-16F7-4668-BE54-9A1E7A4F7556}") = "12-Task_281a", "ConsoleApp12\12-Task_281a.csproj", "{FDD6D3BF-55FA-45A1-A99D-F2B6D78AE714}"
EndProject
Project("{9A19103F-16F7-4668-BE54-9A1E7A4F7556}") = "11-Task_337", "ConsoleApp13\11-Task_337.csproj", "{96825C98-2E75-4612-8861-810408FB00E4}"
EndProject
Project("{9A19103F-16F7-4668-BE54-9A1E7A4F7556}") = "13-Task_58", "ConsoleApp14\13-Task_58.csproj", "{7C595364-B823-483A-B9AC-04C641E11FF4}"
EndProject
Project("{9A19103F-16F7-4668-BE54-9A1E7A4F7556}") = "14-Task_266a", "ConsoleApp15\14-Task_266a.csproj", "{546F218F-D805-46B6-9E2B-83904E2EEDB7}"
EndProject
Project("{9A19103F-16F7-4668-BE54-9A1E7A4F7556}") = "15-Task_200b", "ConsoleApp16\15-Task_200b.csproj", "{D752C169-A272-4BEF-82FF-7DBA4D70C167}"
EndProject
Project("{9A19103F-16F7-4668-BE54-9A1E7A4F7556}") = "16-Task_236a", "ConsoleApp17\16-Task_236a.csproj", "{D9A18821-4B6B-4BF7-BB8D-BB0ECA315FA6}"
EndProject
Project("{9A19103F-16F7-4668-BE54-9A1E7A4F7556}") = "17-Task_148a", "ConsoleApp20\17-Task_148a.csproj", "{001C70A6-A211-4349-92B9-88BE9A3F08E3}"
EndProject
Project("{9A19103F-16F7-4668-BE54-9A1E7A4F7556}") = "18-Task_405a", "ConsoleApp21\18-Task_405a.csproj", "{0AECEF2E-8550-4762-8A30-FD6B5720433F}"
EndProject
Project("{9A19103F-16F7-4668-BE54-9A1E7A4F7556}") = "19-Task_266b", "ConsoleApp22\19-Task_266b.csproj", "{225313FC-8429-4282-95E7-2084B6D9F77F}"
EndProject
Project("{9A19103F-16F7-4668-BE54-9A1E7A4F7556}") = "20-Task_96a", "ConsoleApp23\20-Task_96a.csproj", "{01AB8FB7-1CB8-45AF-9A3F-064F42AFA098}"
EndProject
Project("{9A19103F-16F7-4668-BE54-9A1E7A4F7556}") = "21-Task_59a", "ConsoleApp24\21-Task_59a.csproj", "{096D2E67-2A7B-4817-A9F2-E6CC62751ED6}"
EndProject
Project("{9A19103F-16F7-4668-BE54-9A1E7A4F7556}") = "22-Task_110a", "ConsoleApp25\22-Task_110a.csproj", "{D209930D-979A-4AF4-B5F0-0CB01B22E14D}"
EndProject
Project("{9A19103F-16F7-4668-BE54-9A1E7A4F7556}") = "23-Task_69a", "ConsoleApp26\23-Task_69a.csproj", "{F691505F-CF7E-45DA-B4EC-047983A35362}"
EndProject
Project("{9A19103F-16F7-4668-BE54-9A1E7A4F7556}") = "24-Task_41a", "ConsoleApp27\24-Task_41a.csproj", "{2DB35591-6405-41F2-810A-EAE6C835EE9E}"
EndProject
Project("{9A19103F-16F7-4668-BE54-9A1E7A4F7556}") = "25-Task_1367a", "ConsoleApp28\25-Task_1367a.csproj", "{09A4696C-6A79-43F8-A7F2-6CAF8F431DBC}"
EndProject
Project("{9A19103F-16F7-4668-BE54-9A1E7A4F7556}") = "26-Task_1328a", "ConsoleApp29\26-Task_1328a.csproj", "{8FAACA99-D28E-4DE1-8E89-FA6EEB260102}"
EndProject
Project("{9A19103F-16F7-4668-BE54-9A1E7A4F7556}") = "27-Task_467a", "ConsoleApp30\27-Task_467a.csproj", "{E2E61BF9-2358-4E8E-B141-1163B1CF745A}"
EndProject
Project("{9A19103F-16F7-4668-BE54-9A1E7A4F7556}") = "28-Task_479a", "ConsoleApp31\28-Task_479a.csproj", "{228A6465-6CC4-40CC-8AB7-E84543DE23FD}"
EndProject
Project("{9A19103F-16F7-4668-BE54-9A1E7A4F7556}") = "29_Task_443", "ConsoleApp32\29_Task_443.csproj", "{FAC7647D-A557-4357-BBD3-1E02EA8B47FE}"
EndProject
Project("{9A19103F-16F7-4668-BE54-9A1E7A4F7556}") = "30-Task_1367b", "ConsoleApp33\30-Task_1367b.csproj", "{4F83739A-2BA9-48D6-BFFA-EAFBC8903713}"
EndProject
Project("{9A19103F-16F7-4668-BE54-9A1E7A4F7556}") = "31-Task_758a", "ConsoleApp34\31-Task_758a.csproj", "{978A3A1E-EB41-47D4-9549-E5B57A50FF6D}"
EndProject
Project("{9A19103F-16F7-4668-BE54-9A1E7A4F7556}") = "32-Task_318a", "ConsoleApp35\32-Task_318a.csproj", "{019739FC-ADEA-4A3F-BCA1-04E242890543}"
EndProject
Project("{9A19103F-16F7-4668-BE54-9A1E7A4F7556}") = "33-Task_677a", "ConsoleApp36\33-Task_677a.csproj", "{20D27FAD-9716-45E6-B488-43FE50F65D95}"
EndProject
Project("{9A19103F-16F7-4668-BE54-9A1E7A4F7556}") = "34-Task_228a", "ConsoleApp37\34-Task_228a.csproj", "{0BCC65EB-CB0E-4ABE-BA2D-E44A9EABAE05}"
EndProject
Project("{9A19103F-16F7-4668-BE54-9A1E7A4F7556}") = "35-Task_160a", "ConsoleApp38\35-Task_160a.csproj", "{17A09684-9D60-4A56-8074-13281EA09A20}"
EndProject
Project("{9A19103F-16F7-4668-BE54-9A1E7A4F7556}") = "43-Task_71a", "ConsoleApp39\43-Task_71a.csproj", "{71F88942-8A6B-437C-A2CD-1CDED04243E9}"
EndProject
Project("{9A19103F-16F7-4668-BE54-9A1E7A4F7556}") = "36-Task_996A", "ConsoleApp40\36-Task_996A.csproj", "{A6E92343-6C40-4E9F-8278-BB7C2799A419}"
EndProject
Project("{9A19103F-16F7-4668-BE54-9A1E7A4F7556}") = "37-Task_231", "ConsoleApp41\37-Task_231.csproj", "{CDBDD6D9-A191-43EC-A5EE-64CFA0078269}"
EndProject
Project("{9A19103F-16F7-4668-BE54-9A1E7A4F7556}") = "38-Task_750A", "ConsoleApp42\38-Task_750A.csproj", "{1478241A-3C7E-4DC2-8B49-02415192BB15}"
EndProject
Project("{9A19103F-16F7-4668-BE54-9A1E7A4F7556}") = "39-Task_1335A", "ConsoleApp43\39-Task_1335A.csproj", "{ECE90371-07A7-48F8-9B1E-CC93B414C8EB}"
EndProject
Project("{9A19103F-16F7-4668-BE54-9A1E7A4F7556}") = "40-Task_520", "ConsoleApp44\40-Task_520.csproj", "{39896C55-DCC3-4729-8B1D-77C1FCB5F0F3}"
EndProject
Project("{9A19103F-16F7-4668-BE54-9A1E7A4F7556}") = "41-Task_1560A", "ConsoleApp45\41-Task_1560A.csproj", "{6129E773-6FC6-40A3-B2F8-276F3E69AA08}"
EndProject
Project("{9A19103F-16F7-4668-BE54-9A1E7A4F7556}") = "42-Task_1374A", "ConsoleApp46\42-Task_1374A.csproj", "{B10C58FF-6001-456C-8732-860E36AB0B01}"
EndProject
Project("{9A19103F-16F7-4668-BE54-9A1E7A4F7556}") = "44-Task_244a", "ConsoleApp47\44-Task_244a.csproj", "{1115A8E4-ABFC-400D-98C1-5E8B52D085B9}"
EndProject
Project("{9A19103F-16F7-4668-BE54-9A1E7A4F7556}") = "47-Task_427", "ConsoleApp48\47-Task_427.csproj", "{7BF9A7B7-E253-4207-83F2-D2F8D4006162}"
EndProject
Project("{9A19103F-16F7-4668-BE54-9A1E7A4F7556}") = "45-Task_116", "ConsoleApp49\45-Task_116.csproj", "{14BEC5D8-14FA-4DE0-82B7-D2963DE4DFC0}"
EndProject
Project("{9A19103F-16F7-4668-BE54-9A1E7A4F7556}") = "46-Task_703A", "ConsoleApp50\46-Task_703A.csproj", "{80741E6F-6503-4E6E-8EDA-7C28131F6AD5}"
EndProject
Project("{9A19103F-16F7-4668-BE54-9A1E7A4F7556}") = "48-Task_155", "ConsoleApp51\48-Task_155.csproj", "{DE968217-CBE8-420E-A84F-9E77A6E2DA50}"
EndProject
Global
	GlobalSection(SolutionConfigurationPlatforms) = preSolution
		Debug|Any CPU = Debug|Any CPU
		Release|Any CPU = Release|Any CPU
	EndGlobalSection
	GlobalSection(ProjectConfigurationPlatforms) = postSolution
		{AAF203FD-8975-409D-A5A0-1DC4B888A2D3}.Debug|Any CPU.ActiveCfg = Debug|Any CPU
		{AAF203FD-8975-409D-A5A0-1DC4B888A2D3}.Debug|Any CPU.Build.0 = Debug|Any CPU
		{AAF203FD-8975-409D-A5A0-1DC4B888A2D3}.Release|Any CPU.ActiveCfg = Release|Any CPU
		{AAF203FD-8975-409D-A5A0-1DC4B888A2D3}.Release|Any CPU.Build.0 = Release|Any CPU
		{300F66D3-C58F-4F22-A62C-ED5903B3A304}.Debug|Any CPU.ActiveCfg = Debug|Any CPU
		{300F66D3-C58F-4F22-A62C-ED5903B3A304}.Debug|Any CPU.Build.0 = Debug|Any CPU
		{300F66D3-C58F-4F22-A62C-ED5903B3A304}.Release|Any CPU.ActiveCfg = Release|Any CPU
		{300F66D3-C58F-4F22-A62C-ED5903B3A304}.Release|Any CPU.Build.0 = Release|Any CPU
		{4240BC1B-9C77-4CE1-91C4-3660716C9F9B}.Debug|Any CPU.ActiveCfg = Debug|Any CPU
		{4240BC1B-9C77-4CE1-91C4-3660716C9F9B}.Debug|Any CPU.Build.0 = Debug|Any CPU
		{4240BC1B-9C77-4CE1-91C4-3660716C9F9B}.Release|Any CPU.ActiveCfg = Release|Any CPU
		{4240BC1B-9C77-4CE1-91C4-3660716C9F9B}.Release|Any CPU.Build.0 = Release|Any CPU
		{0A3EBE0D-B913-46C5-8195-78F2D4AB5876}.Debug|Any CPU.ActiveCfg = Debug|Any CPU
		{0A3EBE0D-B913-46C5-8195-78F2D4AB5876}.Debug|Any CPU.Build.0 = Debug|Any CPU
		{0A3EBE0D-B913-46C5-8195-78F2D4AB5876}.Release|Any CPU.ActiveCfg = Release|Any CPU
		{0A3EBE0D-B913-46C5-8195-78F2D4AB5876}.Release|Any CPU.Build.0 = Release|Any CPU
		{9EBECDEB-B28B-4DD6-9A5E-473A2E867F70}.Debug|Any CPU.ActiveCfg = Debug|Any CPU
		{9EBECDEB-B28B-4DD6-9A5E-473A2E867F70}.Debug|Any CPU.Build.0 = Debug|Any CPU
		{9EBECDEB-B28B-4DD6-9A5E-473A2E867F70}.Release|Any CPU.ActiveCfg = Release|Any CPU
		{9EBECDEB-B28B-4DD6-9A5E-473A2E867F70}.Release|Any CPU.Build.0 = Release|Any CPU
		{3910CB23-DB4F-49E7-8866-D3D6E3DFB22B}.Debug|Any CPU.ActiveCfg = Debug|Any CPU
		{3910CB23-DB4F-49E7-8866-D3D6E3DFB22B}.Debug|Any CPU.Build.0 = Debug|Any CPU
		{3910CB23-DB4F-49E7-8866-D3D6E3DFB22B}.Release|Any CPU.ActiveCfg = Release|Any CPU
		{3910CB23-DB4F-49E7-8866-D3D6E3DFB22B}.Release|Any CPU.Build.0 = Release|Any CPU
		{97F56627-6983-48AF-AA0B-2DB84E0908D8}.Debug|Any CPU.ActiveCfg = Debug|Any CPU
		{97F56627-6983-48AF-AA0B-2DB84E0908D8}.Debug|Any CPU.Build.0 = Debug|Any CPU
		{97F56627-6983-48AF-AA0B-2DB84E0908D8}.Release|Any CPU.ActiveCfg = Release|Any CPU
		{97F56627-6983-48AF-AA0B-2DB84E0908D8}.Release|Any CPU.Build.0 = Release|Any CPU
		{DE2910CB-CFDB-4FD0-A169-3F35987500BD}.Debug|Any CPU.ActiveCfg = Debug|Any CPU
		{DE2910CB-CFDB-4FD0-A169-3F35987500BD}.Debug|Any CPU.Build.0 = Debug|Any CPU
		{DE2910CB-CFDB-4FD0-A169-3F35987500BD}.Release|Any CPU.ActiveCfg = Release|Any CPU
		{DE2910CB-CFDB-4FD0-A169-3F35987500BD}.Release|Any CPU.Build.0 = Release|Any CPU
		{000B7B52-B5BE-4465-A79F-081FCC990BA2}.Debug|Any CPU.ActiveCfg = Debug|Any CPU
		{000B7B52-B5BE-4465-A79F-081FCC990BA2}.Debug|Any CPU.Build.0 = Debug|Any CPU
		{000B7B52-B5BE-4465-A79F-081FCC990BA2}.Release|Any CPU.ActiveCfg = Release|Any CPU
		{000B7B52-B5BE-4465-A79F-081FCC990BA2}.Release|Any CPU.Build.0 = Release|Any CPU
		{237EE0F1-531D-41BE-BBD7-A46951ADB563}.Debug|Any CPU.ActiveCfg = Debug|Any CPU
		{237EE0F1-531D-41BE-BBD7-A46951ADB563}.Debug|Any CPU.Build.0 = Debug|Any CPU
		{237EE0F1-531D-41BE-BBD7-A46951ADB563}.Release|Any CPU.ActiveCfg = Release|Any CPU
		{237EE0F1-531D-41BE-BBD7-A46951ADB563}.Release|Any CPU.Build.0 = Release|Any CPU
		{FDD6D3BF-55FA-45A1-A99D-F2B6D78AE714}.Debug|Any CPU.ActiveCfg = Debug|Any CPU
		{FDD6D3BF-55FA-45A1-A99D-F2B6D78AE714}.Debug|Any CPU.Build.0 = Debug|Any CPU
		{FDD6D3BF-55FA-45A1-A99D-F2B6D78AE714}.Release|Any CPU.ActiveCfg = Release|Any CPU
		{FDD6D3BF-55FA-45A1-A99D-F2B6D78AE714}.Release|Any CPU.Build.0 = Release|Any CPU
		{96825C98-2E75-4612-8861-810408FB00E4}.Debug|Any CPU.ActiveCfg = Debug|Any CPU
		{96825C98-2E75-4612-8861-810408FB00E4}.Debug|Any CPU.Build.0 = Debug|Any CPU
		{96825C98-2E75-4612-8861-810408FB00E4}.Release|Any CPU.ActiveCfg = Release|Any CPU
		{96825C98-2E75-4612-8861-810408FB00E4}.Release|Any CPU.Build.0 = Release|Any CPU
		{7C595364-B823-483A-B9AC-04C641E11FF4}.Debug|Any CPU.ActiveCfg = Debug|Any CPU
		{7C595364-B823-483A-B9AC-04C641E11FF4}.Debug|Any CPU.Build.0 = Debug|Any CPU
		{7C595364-B823-483A-B9AC-04C641E11FF4}.Release|Any CPU.ActiveCfg = Release|Any CPU
		{7C595364-B823-483A-B9AC-04C641E11FF4}.Release|Any CPU.Build.0 = Release|Any CPU
		{546F218F-D805-46B6-9E2B-83904E2EEDB7}.Debug|Any CPU.ActiveCfg = Debug|Any CPU
		{546F218F-D805-46B6-9E2B-83904E2EEDB7}.Debug|Any CPU.Build.0 = Debug|Any CPU
		{546F218F-D805-46B6-9E2B-83904E2EEDB7}.Release|Any CPU.ActiveCfg = Release|Any CPU
		{546F218F-D805-46B6-9E2B-83904E2EEDB7}.Release|Any CPU.Build.0 = Release|Any CPU
		{D752C169-A272-4BEF-82FF-7DBA4D70C167}.Debug|Any CPU.ActiveCfg = Debug|Any CPU
		{D752C169-A272-4BEF-82FF-7DBA4D70C167}.Debug|Any CPU.Build.0 = Debug|Any CPU
		{D752C169-A272-4BEF-82FF-7DBA4D70C167}.Release|Any CPU.ActiveCfg = Release|Any CPU
		{D752C169-A272-4BEF-82FF-7DBA4D70C167}.Release|Any CPU.Build.0 = Release|Any CPU
		{D9A18821-4B6B-4BF7-BB8D-BB0ECA315FA6}.Debug|Any CPU.ActiveCfg = Debug|Any CPU
		{D9A18821-4B6B-4BF7-BB8D-BB0ECA315FA6}.Debug|Any CPU.Build.0 = Debug|Any CPU
		{D9A18821-4B6B-4BF7-BB8D-BB0ECA315FA6}.Release|Any CPU.ActiveCfg = Release|Any CPU
		{D9A18821-4B6B-4BF7-BB8D-BB0ECA315FA6}.Release|Any CPU.Build.0 = Release|Any CPU
		{001C70A6-A211-4349-92B9-88BE9A3F08E3}.Debug|Any CPU.ActiveCfg = Debug|Any CPU
		{001C70A6-A211-4349-92B9-88BE9A3F08E3}.Debug|Any CPU.Build.0 = Debug|Any CPU
		{001C70A6-A211-4349-92B9-88BE9A3F08E3}.Release|Any CPU.ActiveCfg = Release|Any CPU
		{001C70A6-A211-4349-92B9-88BE9A3F08E3}.Release|Any CPU.Build.0 = Release|Any CPU
		{0AECEF2E-8550-4762-8A30-FD6B5720433F}.Debug|Any CPU.ActiveCfg = Debug|Any CPU
		{0AECEF2E-8550-4762-8A30-FD6B5720433F}.Debug|Any CPU.Build.0 = Debug|Any CPU
		{0AECEF2E-8550-4762-8A30-FD6B5720433F}.Release|Any CPU.ActiveCfg = Release|Any CPU
		{0AECEF2E-8550-4762-8A30-FD6B5720433F}.Release|Any CPU.Build.0 = Release|Any CPU
		{225313FC-8429-4282-95E7-2084B6D9F77F}.Debug|Any CPU.ActiveCfg = Debug|Any CPU
		{225313FC-8429-4282-95E7-2084B6D9F77F}.Debug|Any CPU.Build.0 = Debug|Any CPU
		{225313FC-8429-4282-95E7-2084B6D9F77F}.Release|Any CPU.ActiveCfg = Release|Any CPU
		{225313FC-8429-4282-95E7-2084B6D9F77F}.Release|Any CPU.Build.0 = Release|Any CPU
		{01AB8FB7-1CB8-45AF-9A3F-064F42AFA098}.Debug|Any CPU.ActiveCfg = Debug|Any CPU
		{01AB8FB7-1CB8-45AF-9A3F-064F42AFA098}.Debug|Any CPU.Build.0 = Debug|Any CPU
		{01AB8FB7-1CB8-45AF-9A3F-064F42AFA098}.Release|Any CPU.ActiveCfg = Release|Any CPU
		{01AB8FB7-1CB8-45AF-9A3F-064F42AFA098}.Release|Any CPU.Build.0 = Release|Any CPU
		{096D2E67-2A7B-4817-A9F2-E6CC62751ED6}.Debug|Any CPU.ActiveCfg = Debug|Any CPU
		{096D2E67-2A7B-4817-A9F2-E6CC62751ED6}.Debug|Any CPU.Build.0 = Debug|Any CPU
		{096D2E67-2A7B-4817-A9F2-E6CC62751ED6}.Release|Any CPU.ActiveCfg = Release|Any CPU
		{096D2E67-2A7B-4817-A9F2-E6CC62751ED6}.Release|Any CPU.Build.0 = Release|Any CPU
		{D209930D-979A-4AF4-B5F0-0CB01B22E14D}.Debug|Any CPU.ActiveCfg = Debug|Any CPU
		{D209930D-979A-4AF4-B5F0-0CB01B22E14D}.Debug|Any CPU.Build.0 = Debug|Any CPU
		{D209930D-979A-4AF4-B5F0-0CB01B22E14D}.Release|Any CPU.ActiveCfg = Release|Any CPU
		{D209930D-979A-4AF4-B5F0-0CB01B22E14D}.Release|Any CPU.Build.0 = Release|Any CPU
		{F691505F-CF7E-45DA-B4EC-047983A35362}.Debug|Any CPU.ActiveCfg = Debug|Any CPU
		{F691505F-CF7E-45DA-B4EC-047983A35362}.Debug|Any CPU.Build.0 = Debug|Any CPU
		{F691505F-CF7E-45DA-B4EC-047983A35362}.Release|Any CPU.ActiveCfg = Release|Any CPU
		{F691505F-CF7E-45DA-B4EC-047983A35362}.Release|Any CPU.Build.0 = Release|Any CPU
		{2DB35591-6405-41F2-810A-EAE6C835EE9E}.Debug|Any CPU.ActiveCfg = Debug|Any CPU
		{2DB35591-6405-41F2-810A-EAE6C835EE9E}.Debug|Any CPU.Build.0 = Debug|Any CPU
		{2DB35591-6405-41F2-810A-EAE6C835EE9E}.Release|Any CPU.ActiveCfg = Release|Any CPU
		{2DB35591-6405-41F2-810A-EAE6C835EE9E}.Release|Any CPU.Build.0 = Release|Any CPU
		{09A4696C-6A79-43F8-A7F2-6CAF8F431DBC}.Debug|Any CPU.ActiveCfg = Debug|Any CPU
		{09A4696C-6A79-43F8-A7F2-6CAF8F431DBC}.Debug|Any CPU.Build.0 = Debug|Any CPU
		{09A4696C-6A79-43F8-A7F2-6CAF8F431DBC}.Release|Any CPU.ActiveCfg = Release|Any CPU
		{09A4696C-6A79-43F8-A7F2-6CAF8F431DBC}.Release|Any CPU.Build.0 = Release|Any CPU
		{8FAACA99-D28E-4DE1-8E89-FA6EEB260102}.Debug|Any CPU.ActiveCfg = Debug|Any CPU
		{8FAACA99-D28E-4DE1-8E89-FA6EEB260102}.Debug|Any CPU.Build.0 = Debug|Any CPU
		{8FAACA99-D28E-4DE1-8E89-FA6EEB260102}.Release|Any CPU.ActiveCfg = Release|Any CPU
		{8FAACA99-D28E-4DE1-8E89-FA6EEB260102}.Release|Any CPU.Build.0 = Release|Any CPU
		{E2E61BF9-2358-4E8E-B141-1163B1CF745A}.Debug|Any CPU.ActiveCfg = Debug|Any CPU
		{E2E61BF9-2358-4E8E-B141-1163B1CF745A}.Debug|Any CPU.Build.0 = Debug|Any CPU
		{E2E61BF9-2358-4E8E-B141-1163B1CF745A}.Release|Any CPU.ActiveCfg = Release|Any CPU
		{E2E61BF9-2358-4E8E-B141-1163B1CF745A}.Release|Any CPU.Build.0 = Release|Any CPU
		{228A6465-6CC4-40CC-8AB7-E84543DE23FD}.Debug|Any CPU.ActiveCfg = Debug|Any CPU
		{228A6465-6CC4-40CC-8AB7-E84543DE23FD}.Debug|Any CPU.Build.0 = Debug|Any CPU
		{228A6465-6CC4-40CC-8AB7-E84543DE23FD}.Release|Any CPU.ActiveCfg = Release|Any CPU
		{228A6465-6CC4-40CC-8AB7-E84543DE23FD}.Release|Any CPU.Build.0 = Release|Any CPU
		{FAC7647D-A557-4357-BBD3-1E02EA8B47FE}.Debug|Any CPU.ActiveCfg = Debug|Any CPU
		{FAC7647D-A557-4357-BBD3-1E02EA8B47FE}.Debug|Any CPU.Build.0 = Debug|Any CPU
		{FAC7647D-A557-4357-BBD3-1E02EA8B47FE}.Release|Any CPU.ActiveCfg = Release|Any CPU
		{FAC7647D-A557-4357-BBD3-1E02EA8B47FE}.Release|Any CPU.Build.0 = Release|Any CPU
		{4F83739A-2BA9-48D6-BFFA-EAFBC8903713}.Debug|Any CPU.ActiveCfg = Debug|Any CPU
		{4F83739A-2BA9-48D6-BFFA-EAFBC8903713}.Debug|Any CPU.Build.0 = Debug|Any CPU
		{4F83739A-2BA9-48D6-BFFA-EAFBC8903713}.Release|Any CPU.ActiveCfg = Release|Any CPU
		{4F83739A-2BA9-48D6-BFFA-EAFBC8903713}.Release|Any CPU.Build.0 = Release|Any CPU
		{978A3A1E-EB41-47D4-9549-E5B57A50FF6D}.Debug|Any CPU.ActiveCfg = Debug|Any CPU
		{978A3A1E-EB41-47D4-9549-E5B57A50FF6D}.Debug|Any CPU.Build.0 = Debug|Any CPU
		{978A3A1E-EB41-47D4-9549-E5B57A50FF6D}.Release|Any CPU.ActiveCfg = Release|Any CPU
		{978A3A1E-EB41-47D4-9549-E5B57A50FF6D}.Release|Any CPU.Build.0 = Release|Any CPU
		{019739FC-ADEA-4A3F-BCA1-04E242890543}.Debug|Any CPU.ActiveCfg = Debug|Any CPU
		{019739FC-ADEA-4A3F-BCA1-04E242890543}.Debug|Any CPU.Build.0 = Debug|Any CPU
		{019739FC-ADEA-4A3F-BCA1-04E242890543}.Release|Any CPU.ActiveCfg = Release|Any CPU
		{019739FC-ADEA-4A3F-BCA1-04E242890543}.Release|Any CPU.Build.0 = Release|Any CPU
		{20D27FAD-9716-45E6-B488-43FE50F65D95}.Debug|Any CPU.ActiveCfg = Debug|Any CPU
		{20D27FAD-9716-45E6-B488-43FE50F65D95}.Debug|Any CPU.Build.0 = Debug|Any CPU
		{20D27FAD-9716-45E6-B488-43FE50F65D95}.Release|Any CPU.ActiveCfg = Release|Any CPU
		{20D27FAD-9716-45E6-B488-43FE50F65D95}.Release|Any CPU.Build.0 = Release|Any CPU
		{0BCC65EB-CB0E-4ABE-BA2D-E44A9EABAE05}.Debug|Any CPU.ActiveCfg = Debug|Any CPU
		{0BCC65EB-CB0E-4ABE-BA2D-E44A9EABAE05}.Debug|Any CPU.Build.0 = Debug|Any CPU
		{0BCC65EB-CB0E-4ABE-BA2D-E44A9EABAE05}.Release|Any CPU.ActiveCfg = Release|Any CPU
		{0BCC65EB-CB0E-4ABE-BA2D-E44A9EABAE05}.Release|Any CPU.Build.0 = Release|Any CPU
		{17A09684-9D60-4A56-8074-13281EA09A20}.Debug|Any CPU.ActiveCfg = Debug|Any CPU
		{17A09684-9D60-4A56-8074-13281EA09A20}.Debug|Any CPU.Build.0 = Debug|Any CPU
		{17A09684-9D60-4A56-8074-13281EA09A20}.Release|Any CPU.ActiveCfg = Release|Any CPU
		{17A09684-9D60-4A56-8074-13281EA09A20}.Release|Any CPU.Build.0 = Release|Any CPU
		{71F88942-8A6B-437C-A2CD-1CDED04243E9}.Debug|Any CPU.ActiveCfg = Debug|Any CPU
		{71F88942-8A6B-437C-A2CD-1CDED04243E9}.Debug|Any CPU.Build.0 = Debug|Any CPU
		{71F88942-8A6B-437C-A2CD-1CDED04243E9}.Release|Any CPU.ActiveCfg = Release|Any CPU
		{71F88942-8A6B-437C-A2CD-1CDED04243E9}.Release|Any CPU.Build.0 = Release|Any CPU
		{A6E92343-6C40-4E9F-8278-BB7C2799A419}.Debug|Any CPU.ActiveCfg = Debug|Any CPU
		{A6E92343-6C40-4E9F-8278-BB7C2799A419}.Debug|Any CPU.Build.0 = Debug|Any CPU
		{A6E92343-6C40-4E9F-8278-BB7C2799A419}.Release|Any CPU.ActiveCfg = Release|Any CPU
		{A6E92343-6C40-4E9F-8278-BB7C2799A419}.Release|Any CPU.Build.0 = Release|Any CPU
		{CDBDD6D9-A191-43EC-A5EE-64CFA0078269}.Debug|Any CPU.ActiveCfg = Debug|Any CPU
		{CDBDD6D9-A191-43EC-A5EE-64CFA0078269}.Debug|Any CPU.Build.0 = Debug|Any CPU
		{CDBDD6D9-A191-43EC-A5EE-64CFA0078269}.Release|Any CPU.ActiveCfg = Release|Any CPU
		{CDBDD6D9-A191-43EC-A5EE-64CFA0078269}.Release|Any CPU.Build.0 = Release|Any CPU
		{1478241A-3C7E-4DC2-8B49-02415192BB15}.Debug|Any CPU.ActiveCfg = Debug|Any CPU
		{1478241A-3C7E-4DC2-8B49-02415192BB15}.Debug|Any CPU.Build.0 = Debug|Any CPU
		{1478241A-3C7E-4DC2-8B49-02415192BB15}.Release|Any CPU.ActiveCfg = Release|Any CPU
		{1478241A-3C7E-4DC2-8B49-02415192BB15}.Release|Any CPU.Build.0 = Release|Any CPU
		{ECE90371-07A7-48F8-9B1E-CC93B414C8EB}.Debug|Any CPU.ActiveCfg = Debug|Any CPU
		{ECE90371-07A7-48F8-9B1E-CC93B414C8EB}.Debug|Any CPU.Build.0 = Debug|Any CPU
		{ECE90371-07A7-48F8-9B1E-CC93B414C8EB}.Release|Any CPU.ActiveCfg = Release|Any CPU
		{ECE90371-07A7-48F8-9B1E-CC93B414C8EB}.Release|Any CPU.Build.0 = Release|Any CPU
		{39896C55-DCC3-4729-8B1D-77C1FCB5F0F3}.Debug|Any CPU.ActiveCfg = Debug|Any CPU
		{39896C55-DCC3-4729-8B1D-77C1FCB5F0F3}.Debug|Any CPU.Build.0 = Debug|Any CPU
		{39896C55-DCC3-4729-8B1D-77C1FCB5F0F3}.Release|Any CPU.ActiveCfg = Release|Any CPU
		{39896C55-DCC3-4729-8B1D-77C1FCB5F0F3}.Release|Any CPU.Build.0 = Release|Any CPU
		{6129E773-6FC6-40A3-B2F8-276F3E69AA08}.Debug|Any CPU.ActiveCfg = Debug|Any CPU
		{6129E773-6FC6-40A3-B2F8-276F3E69AA08}.Debug|Any CPU.Build.0 = Debug|Any CPU
		{6129E773-6FC6-40A3-B2F8-276F3E69AA08}.Release|Any CPU.ActiveCfg = Release|Any CPU
		{6129E773-6FC6-40A3-B2F8-276F3E69AA08}.Release|Any CPU.Build.0 = Release|Any CPU
		{B10C58FF-6001-456C-8732-860E36AB0B01}.Debug|Any CPU.ActiveCfg = Debug|Any CPU
		{B10C58FF-6001-456C-8732-860E36AB0B01}.Debug|Any CPU.Build.0 = Debug|Any CPU
		{B10C58FF-6001-456C-8732-860E36AB0B01}.Release|Any CPU.ActiveCfg = Release|Any CPU
		{B10C58FF-6001-456C-8732-860E36AB0B01}.Release|Any CPU.Build.0 = Release|Any CPU
		{1115A8E4-ABFC-400D-98C1-5E8B52D085B9}.Debug|Any CPU.ActiveCfg = Debug|Any CPU
		{1115A8E4-ABFC-400D-98C1-5E8B52D085B9}.Debug|Any CPU.Build.0 = Debug|Any CPU
		{1115A8E4-ABFC-400D-98C1-5E8B52D085B9}.Release|Any CPU.ActiveCfg = Release|Any CPU
		{1115A8E4-ABFC-400D-98C1-5E8B52D085B9}.Release|Any CPU.Build.0 = Release|Any CPU
		{7BF9A7B7-E253-4207-83F2-D2F8D4006162}.Debug|Any CPU.ActiveCfg = Debug|Any CPU
		{7BF9A7B7-E253-4207-83F2-D2F8D4006162}.Debug|Any CPU.Build.0 = Debug|Any CPU
		{7BF9A7B7-E253-4207-83F2-D2F8D4006162}.Release|Any CPU.ActiveCfg = Release|Any CPU
		{7BF9A7B7-E253-4207-83F2-D2F8D4006162}.Release|Any CPU.Build.0 = Release|Any CPU
		{14BEC5D8-14FA-4DE0-82B7-D2963DE4DFC0}.Debug|Any CPU.ActiveCfg = Debug|Any CPU
		{14BEC5D8-14FA-4DE0-82B7-D2963DE4DFC0}.Debug|Any CPU.Build.0 = Debug|Any CPU
		{14BEC5D8-14FA-4DE0-82B7-D2963DE4DFC0}.Release|Any CPU.ActiveCfg = Release|Any CPU
		{14BEC5D8-14FA-4DE0-82B7-D2963DE4DFC0}.Release|Any CPU.Build.0 = Release|Any CPU
		{80741E6F-6503-4E6E-8EDA-7C28131F6AD5}.Debug|Any CPU.ActiveCfg = Debug|Any CPU
		{80741E6F-6503-4E6E-8EDA-7C28131F6AD5}.Debug|Any CPU.Build.0 = Debug|Any CPU
		{80741E6F-6503-4E6E-8EDA-7C28131F6AD5}.Release|Any CPU.ActiveCfg = Release|Any CPU
		{80741E6F-6503-4E6E-8EDA-7C28131F6AD5}.Release|Any CPU.Build.0 = Release|Any CPU
		{DE968217-CBE8-420E-A84F-9E77A6E2DA50}.Debug|Any CPU.ActiveCfg = Debug|Any CPU
		{DE968217-CBE8-420E-A84F-9E77A6E2DA50}.Debug|Any CPU.Build.0 = Debug|Any CPU
		{DE968217-CBE8-420E-A84F-9E77A6E2DA50}.Release|Any CPU.ActiveCfg = Release|Any CPU
		{DE968217-CBE8-420E-A84F-9E77A6E2DA50}.Release|Any CPU.Build.0 = Release|Any CPU
	EndGlobalSection
	GlobalSection(SolutionProperties) = preSolution
		HideSolutionNode = FALSE
	EndGlobalSection
	GlobalSection(ExtensibilityGlobals) = postSolution
		SolutionGuid = {29C4EA59-9204-4C5B-AE8F-CE6A71B4A520}
	EndGlobalSection
EndGlobal
