
Microsoft Visual Studio Solution File, Format Version 12.00
# Visual Studio Version 17
VisualStudioVersion = 17.3.32929.385
MinimumVisualStudioVersion = 10.0.40219.1
Project("{9A19103F-16F7-4668-BE54-9A1E7A4F7556}") = "StockData.Worker", "StockData.Worker\StockData.Worker.csproj", "{713F4299-B3C2-4843-BDDD-23D8DF590371}"
EndProject
Project("{9A19103F-16F7-4668-BE54-9A1E7A4F7556}") = "StockData.Infrastructure", "StockData.Infrastructure\StockData.Infrastructure.csproj", "{AE36E30A-2CBE-4C1F-A501-471B21D85E54}"
EndProject
Project("{FAE04EC0-301F-11D3-BF4B-00C04F79EFBC}") = "StockData.Web", "StockData.Web\StockData.Web.csproj", "{6C54DBBC-EFA1-47C9-9B7F-455FF6DCDAF9}"
EndProject
Global
	GlobalSection(SolutionConfigurationPlatforms) = preSolution
		Debug|Any CPU = Debug|Any CPU
		Release|Any CPU = Release|Any CPU
	EndGlobalSection
	GlobalSection(ProjectConfigurationPlatforms) = postSolution
		{713F4299-B3C2-4843-BDDD-23D8DF590371}.Debug|Any CPU.ActiveCfg = Debug|Any CPU
		{713F4299-B3C2-4843-BDDD-23D8DF590371}.Debug|Any CPU.Build.0 = Debug|Any CPU
		{713F4299-B3C2-4843-BDDD-23D8DF590371}.Release|Any CPU.ActiveCfg = Release|Any CPU
		{713F4299-B3C2-4843-BDDD-23D8DF590371}.Release|Any CPU.Build.0 = Release|Any CPU
		{AE36E30A-2CBE-4C1F-A501-471B21D85E54}.Debug|Any CPU.ActiveCfg = Debug|Any CPU
		{AE36E30A-2CBE-4C1F-A501-471B21D85E54}.Debug|Any CPU.Build.0 = Debug|Any CPU
		{AE36E30A-2CBE-4C1F-A501-471B21D85E54}.Release|Any CPU.ActiveCfg = Release|Any CPU
		{AE36E30A-2CBE-4C1F-A501-471B21D85E54}.Release|Any CPU.Build.0 = Release|Any CPU
		{6C54DBBC-EFA1-47C9-9B7F-455FF6DCDAF9}.Debug|Any CPU.ActiveCfg = Debug|Any CPU
		{6C54DBBC-EFA1-47C9-9B7F-455FF6DCDAF9}.Debug|Any CPU.Build.0 = Debug|Any CPU
		{6C54DBBC-EFA1-47C9-9B7F-455FF6DCDAF9}.Release|Any CPU.ActiveCfg = Release|Any CPU
		{6C54DBBC-EFA1-47C9-9B7F-455FF6DCDAF9}.Release|Any CPU.Build.0 = Release|Any CPU
	EndGlobalSection
	GlobalSection(SolutionProperties) = preSolution
		HideSolutionNode = FALSE
	EndGlobalSection
	GlobalSection(ExtensibilityGlobals) = postSolution
		SolutionGuid = {C381A12B-4330-4B7D-8493-6925AD5FB5A6}
	EndGlobalSection
EndGlobal
