
Microsoft Visual Studio Solution File, Format Version 12.00
# Visual Studio Version 17
VisualStudioVersion = 17.2.32519.379
MinimumVisualStudioVersion = 10.0.40219.1
Project("{FAE04EC0-301F-11D3-BF4B-00C04F79EFBC}") = "JsonConverter", "JsonConverter\JsonConverter.csproj", "{7F713018-6D37-40F0-B91D-4B1CE79499DB}"
EndProject
Global
	GlobalSection(SolutionConfigurationPlatforms) = preSolution
		Debug|Any CPU = Debug|Any CPU
		Release|Any CPU = Release|Any CPU
	EndGlobalSection
	GlobalSection(ProjectConfigurationPlatforms) = postSolution
		{7F713018-6D37-40F0-B91D-4B1CE79499DB}.Debug|Any CPU.ActiveCfg = Debug|Any CPU
		{7F713018-6D37-40F0-B91D-4B1CE79499DB}.Debug|Any CPU.Build.0 = Debug|Any CPU
		{7F713018-6D37-40F0-B91D-4B1CE79499DB}.Release|Any CPU.ActiveCfg = Release|Any CPU
		{7F713018-6D37-40F0-B91D-4B1CE79499DB}.Release|Any CPU.Build.0 = Release|Any CPU
	EndGlobalSection
	GlobalSection(SolutionProperties) = preSolution
		HideSolutionNode = FALSE
	EndGlobalSection
	GlobalSection(ExtensibilityGlobals) = postSolution
		SolutionGuid = {24DDEC39-F1DE-4752-ADC4-314F39AEE3A3}
	EndGlobalSection
EndGlobal
